# THIS IS AN AUTOGENERATED FILE. DO NOT EDIT THIS FILE DIRECTLY.
# yarn lockfile v1


"@mapbox/geojson-rewind@^0.5.0":
  version "0.5.1"
  resolved "https://registry.nlark.com/@mapbox/geojson-rewind/download/@mapbox/geojson-rewind-0.5.1.tgz#adbe16dc683eb40e90934c51a5e28c7bbf44f4e1"
  integrity sha1-rb4W3Gg+tA6Qk0xRpeKMe79E9OE=
  dependencies:
    get-stream "^6.0.1"
    minimist "^1.2.5"

"@mapbox/geojson-types@^1.0.2":
  version "1.0.2"
  resolved "https://registry.npm.taobao.org/@mapbox/geojson-types/download/@mapbox/geojson-types-1.0.2.tgz#9aecf642cb00eab1080a57c4f949a65b4a5846d6"
  integrity sha1-muz2QssA6rEIClfE+UmmW0pYRtY=

"@mapbox/jsonlint-lines-primitives@^2.0.2":
  version "2.0.2"
  resolved "https://registry.npm.taobao.org/@mapbox/jsonlint-lines-primitives/download/@mapbox/jsonlint-lines-primitives-2.0.2.tgz#ce56e539f83552b58d10d672ea4d6fc9adc7b234"
  integrity sha1-zlblOfg1UrWNENZy6k1vya3HsjQ=

"@mapbox/mapbox-gl-supported@^1.5.0":
  version "1.5.0"
  resolved "https://registry.npm.taobao.org/@mapbox/mapbox-gl-supported/download/@mapbox/mapbox-gl-supported-1.5.0.tgz#f60b6a55a5d8e5ee908347d2ce4250b15103dc8e"
  integrity sha1-9gtqVaXY5e6Qg0fSzkJQsVED3I4=

"@mapbox/point-geometry@0.1.0", "@mapbox/point-geometry@^0.1.0", "@mapbox/point-geometry@~0.1.0":
  version "0.1.0"
  resolved "https://registry.npm.taobao.org/@mapbox/point-geometry/download/@mapbox/point-geometry-0.1.0.tgz#8a83f9335c7860effa2eeeca254332aa0aeed8f2"
  integrity sha1-ioP5M1x4YO/6Lu7KJUMyqgru2PI=

"@mapbox/tiny-sdf@^1.1.1":
  version "1.2.5"
  resolved "https://registry.npm.taobao.org/@mapbox/tiny-sdf/download/@mapbox/tiny-sdf-1.2.5.tgz#424c620a96442b20402552be70a7f62a8407cc59"
  integrity sha1-QkxiCpZEKyBAJVK+cKf2KoQHzFk=

"@mapbox/unitbezier@^0.0.0":
  version "0.0.0"
  resolved "https://registry.npm.taobao.org/@mapbox/unitbezier/download/@mapbox/unitbezier-0.0.0.tgz#15651bd553a67b8581fb398810c98ad86a34524e"
  integrity sha1-FWUb1VOme4WB+zmIEMmK2Go0Uk4=

"@mapbox/vector-tile@^1.3.1":
  version "1.3.1"
  resolved "https://registry.npm.taobao.org/@mapbox/vector-tile/download/@mapbox/vector-tile-1.3.1.tgz#d3a74c90402d06e89ec66de49ec817ff53409666"
  integrity sha1-06dMkEAtBuiexm3knsgX/1NAlmY=
  dependencies:
    "@mapbox/point-geometry" "~0.1.0"

"@mapbox/whoots-js@^3.1.0":
  version "3.1.0"
  resolved "https://registry.npm.taobao.org/@mapbox/whoots-js/download/@mapbox/whoots-js-3.1.0.tgz#497c67a1cef50d1a2459ba60f315e448d2ad87fe"
  integrity sha1-SXxnoc71DRokWbpg8xXkSNKth/4=

"@rollup/pluginutils@^4.1.0":
  version "4.1.0"
  resolved "https://registry.npm.taobao.org/@rollup/pluginutils/download/@rollup/pluginutils-4.1.0.tgz?cache=0&sync_timestamp=1603767889260&other_urls=https%3A%2F%2Fregistry.npm.taobao.org%2F%40rollup%2Fpluginutils%2Fdownload%2F%40rollup%2Fpluginutils-4.1.0.tgz#0dcc61c780e39257554feb7f77207dceca13c838"
  integrity sha1-Dcxhx4DjkldVT+t/dyB9zsoTyDg=
  dependencies:
    estree-walker "^2.0.1"
    picomatch "^2.2.2"

"@sveltejs/vite-plugin-svelte@^1.0.0-next.7":
  version "1.0.0-next.10"
  resolved "https://registry.nlark.com/@sveltejs/vite-plugin-svelte/download/@sveltejs/vite-plugin-svelte-1.0.0-next.10.tgz#15526067ea2edd334420b1e14602e29b370be25e"
  integrity sha1-FVJgZ+ou3TNEILHhRgLimzcL4l4=
  dependencies:
    "@rollup/pluginutils" "^4.1.0"
    chalk "^4.1.1"
    debug "^4.3.2"
    hash-sum "^2.0.0"
    require-relative "^0.8.7"
    slash "^4.0.0"
    source-map "^0.7.3"
    svelte-hmr "^0.14.2"

"@types/geojson@*":
  version "7946.0.7"
  resolved "https://registry.nlark.com/@types/geojson/download/@types/geojson-7946.0.7.tgz#c8fa532b60a0042219cdf173ca21a975ef0666ad"
  integrity sha1-yPpTK2CgBCIZzfFzyiGpde8GZq0=

"@types/mapbox-gl@1.13":
  version "1.13.1"
  resolved "https://registry.nlark.com/@types/mapbox-gl/download/@types/mapbox-gl-1.13.1.tgz?cache=0&sync_timestamp=1621241797834&other_urls=https%3A%2F%2Fregistry.nlark.com%2F%40types%2Fmapbox-gl%2Fdownload%2F%40types%2Fmapbox-gl-1.13.1.tgz#bd8108f912f32c895117e2970b6d4fbbecbe42a1"
  integrity sha1-vYEI+RLzLIlRF+KXC21Pu+y+QqE=
  dependencies:
    "@types/geojson" "*"

"@types/node@*":
  version "15.6.1"
  resolved "https://registry.nlark.com/@types/node/download/@types/node-15.6.1.tgz?cache=0&sync_timestamp=1621901244878&other_urls=https%3A%2F%2Fregistry.nlark.com%2F%40types%2Fnode%2Fdownload%2F%40types%2Fnode-15.6.1.tgz#32d43390d5c62c5b6ec486a9bc9c59544de39a08"
  integrity sha1-MtQzkNXGLFtuxIapvJxZVE3jmgg=

"@types/pug@^2.0.4":
  version "2.0.4"
  resolved "https://registry.nlark.com/@types/pug/download/@types/pug-2.0.4.tgz#8772fcd0418e3cd2cc171555d73007415051f4b2"
  integrity sha1-h3L80EGOPNLMFxVV1zAHQVBR9LI=

"@types/sass@^1.16.0":
  version "1.16.0"
  resolved "https://registry.nlark.com/@types/sass/download/@types/sass-1.16.0.tgz?cache=0&sync_timestamp=1621242658800&other_urls=https%3A%2F%2Fregistry.nlark.com%2F%40types%2Fsass%2Fdownload%2F%40types%2Fsass-1.16.0.tgz#b41ac1c17fa68ffb57d43e2360486ef526b3d57d"
  integrity sha1-tBrBwX+mj/tX1D4jYEhu9Saz1X0=
  dependencies:
    "@types/node" "*"

ansi-styles@^4.1.0:
  version "4.3.0"
  resolved "https://registry.nlark.com/ansi-styles/download/ansi-styles-4.3.0.tgz#edd803628ae71c04c85ae7a0906edad34b648937"
  integrity sha1-7dgDYornHATIWuegkG7a00tkiTc=
  dependencies:
    color-convert "^2.0.1"

chalk@^4.1.1:
  version "4.1.1"
  resolved "https://registry.nlark.com/chalk/download/chalk-4.1.1.tgz?cache=0&sync_timestamp=1618995367379&other_urls=https%3A%2F%2Fregistry.nlark.com%2Fchalk%2Fdownload%2Fchalk-4.1.1.tgz#c80b3fab28bf6371e6863325eee67e618b77e6ad"
  integrity sha1-yAs/qyi/Y3HmhjMl7uZ+YYt35q0=
  dependencies:
    ansi-styles "^4.1.0"
    supports-color "^7.1.0"

color-convert@^2.0.1:
  version "2.0.1"
  resolved "https://registry.npm.taobao.org/color-convert/download/color-convert-2.0.1.tgz#72d3a68d598c9bdb3af2ad1e84f21d896abd4de3"
  integrity sha1-ctOmjVmMm9s68q0ehPIdiWq9TeM=
  dependencies:
    color-name "~1.1.4"

color-name@~1.1.4:
  version "1.1.4"
  resolved "https://registry.nlark.com/color-name/download/color-name-1.1.4.tgz#c2a09a87acbde69543de6f63fa3995c826c536a2"
  integrity sha1-wqCah6y95pVD3m9j+jmVyCbFNqI=

colorette@^1.2.2:
  version "1.2.2"
  resolved "https://registry.nlark.com/colorette/download/colorette-1.2.2.tgz#cbcc79d5e99caea2dbf10eb3a26fd8b3e6acfa94"
  integrity sha1-y8x51emcrqLb8Q6zom/Ys+as+pQ=

csscolorparser@~1.0.3:
  version "1.0.3"
  resolved "https://registry.npm.taobao.org/csscolorparser/download/csscolorparser-1.0.3.tgz#b34f391eea4da8f3e98231e2ccd8df9c041f171b"
  integrity sha1-s085HupNqPPpgjHizNjfnAQfFxs=

debug@^4.3.2:
  version "4.3.2"
  resolved "https://registry.nlark.com/debug/download/debug-4.3.2.tgz?cache=0&sync_timestamp=1618847042350&other_urls=https%3A%2F%2Fregistry.nlark.com%2Fdebug%2Fdownload%2Fdebug-4.3.2.tgz#f0a49c18ac8779e31d4a0c6029dfb76873c7428b"
  integrity sha1-8KScGKyHeeMdSgxgKd+3aHPHQos=
  dependencies:
    ms "2.1.2"

detect-indent@^6.0.0:
  version "6.0.0"
  resolved "https://registry.nlark.com/detect-indent/download/detect-indent-6.0.0.tgz?cache=0&sync_timestamp=1618847118351&other_urls=https%3A%2F%2Fregistry.nlark.com%2Fdetect-indent%2Fdownload%2Fdetect-indent-6.0.0.tgz#0abd0f549f69fc6659a254fe96786186b6f528fd"
  integrity sha1-Cr0PVJ9p/GZZolT+lnhhhrb1KP0=

earcut@^2.2.2:
  version "2.2.2"
  resolved "https://registry.npm.taobao.org/earcut/download/earcut-2.2.2.tgz#41b0bc35f63e0fe80da7cddff28511e7e2e80d11"
  integrity sha1-QbC8NfY+D+gNp83f8oUR5+LoDRE=

esbuild@^0.11.23:
  version "0.11.23"
  resolved "https://registry.nlark.com/esbuild/download/esbuild-0.11.23.tgz?cache=0&sync_timestamp=1622080632605&other_urls=https%3A%2F%2Fregistry.nlark.com%2Fesbuild%2Fdownload%2Fesbuild-0.11.23.tgz#c42534f632e165120671d64db67883634333b4b8"
  integrity sha1-xCU09jLhZRIGcdZNtniDY0MztLg=

estree-walker@^2.0.1:
  version "2.0.2"
  resolved "https://registry.npm.taobao.org/estree-walker/download/estree-walker-2.0.2.tgz?cache=0&sync_timestamp=1611956983677&other_urls=https%3A%2F%2Fregistry.npm.taobao.org%2Festree-walker%2Fdownload%2Festree-walker-2.0.2.tgz#52f010178c2a4c117a7757cfe942adb7d2da4cac"
  integrity sha1-UvAQF4wqTBF6d1fP6UKtt9LaTKw=

fsevents@~2.3.1:
  version "2.3.2"
  resolved "https://registry.npm.taobao.org/fsevents/download/fsevents-2.3.2.tgz#8a526f78b8fdf4623b709e0b975c52c24c02fd1a"
  integrity sha1-ilJveLj99GI7cJ4Ll1xSwkwC/Ro=

function-bind@^1.1.1:
  version "1.1.1"
  resolved "https://registry.npm.taobao.org/function-bind/download/function-bind-1.1.1.tgz#a56899d3ea3c9bab874bb9773b7c5ede92f4895d"
  integrity sha1-pWiZ0+o8m6uHS7l3O3xe3pL0iV0=

geojson-vt@^3.2.1:
  version "3.2.1"
  resolved "https://registry.npm.taobao.org/geojson-vt/download/geojson-vt-3.2.1.tgz#f8adb614d2c1d3f6ee7c4265cad4bbf3ad60c8b7"
  integrity sha1-+K22FNLB0/bufEJlytS7861gyLc=

get-stream@^6.0.1:
  version "6.0.1"
  resolved "https://registry.npm.taobao.org/get-stream/download/get-stream-6.0.1.tgz#a262d8eef67aced57c2852ad6167526a43cbf7b7"
  integrity sha1-omLY7vZ6ztV8KFKtYWdSakPL97c=

gl-matrix@^3.2.1:
  version "3.3.0"
  resolved "https://registry.npm.taobao.org/gl-matrix/download/gl-matrix-3.3.0.tgz#232eef60b1c8b30a28cbbe75b2caf6c48fd6358b"
  integrity sha1-Iy7vYLHIswooy751ssr2xI/WNYs=

grid-index@^1.1.0:
  version "1.1.0"
  resolved "https://registry.npm.taobao.org/grid-index/download/grid-index-1.1.0.tgz#97f8221edec1026c8377b86446a7c71e79522ea7"
  integrity sha1-l/giHt7BAmyDd7hkRqfHHnlSLqc=

has-flag@^4.0.0:
  version "4.0.0"
  resolved "https://registry.npm.taobao.org/has-flag/download/has-flag-4.0.0.tgz#944771fd9c81c81265c4d6941860da06bb59479b"
  integrity sha1-lEdx/ZyByBJlxNaUGGDaBrtZR5s=

has@^1.0.3:
  version "1.0.3"
  resolved "https://registry.npm.taobao.org/has/download/has-1.0.3.tgz#722d7cbfc1f6aa8241f16dd814e011e1f41e8796"
  integrity sha1-ci18v8H2qoJB8W3YFOAR4fQeh5Y=
  dependencies:
    function-bind "^1.1.1"

hash-sum@^2.0.0:
  version "2.0.0"
  resolved "https://registry.npm.taobao.org/hash-sum/download/hash-sum-2.0.0.tgz#81d01bb5de8ea4a214ad5d6ead1b523460b0b45a"
  integrity sha1-gdAbtd6OpKIUrV1urRtSNGCwtFo=

ieee754@^1.1.12:
  version "1.2.1"
  resolved "https://registry.nlark.com/ieee754/download/ieee754-1.2.1.tgz#8eb7a10a63fff25d15a57b001586d177d1b0d352"
  integrity sha1-jrehCmP/8l0VpXsAFYbRd9Gw01I=

is-core-module@^2.2.0:
  version "2.4.0"
  resolved "https://registry.nlark.com/is-core-module/download/is-core-module-2.4.0.tgz?cache=0&other_urls=https%3A%2F%2Fregistry.nlark.com%2Fis-core-module%2Fdownload%2Fis-core-module-2.4.0.tgz#8e9fc8e15027b011418026e98f0e6f4d86305cc1"
  integrity sha1-jp/I4VAnsBFBgCbpjw5vTYYwXME=
  dependencies:
    has "^1.0.3"

kdbush@^3.0.0:
  version "3.0.0"
  resolved "https://registry.npm.taobao.org/kdbush/download/kdbush-3.0.0.tgz#f8484794d47004cc2d85ed3a79353dbe0abc2bf0"
  integrity sha1-+EhHlNRwBMwthe06eTU9vgq8K/A=

mapbox-gl@1.13.1:
  version "1.13.1"
  resolved "https://registry.nlark.com/mapbox-gl/download/mapbox-gl-1.13.1.tgz#322efe75ab4c764fc4c776da1506aad58d5a5b9d"
  integrity sha1-Mi7+datMdk/Ex3baFQaq1Y1aW50=
  dependencies:
    "@mapbox/geojson-rewind" "^0.5.0"
    "@mapbox/geojson-types" "^1.0.2"
    "@mapbox/jsonlint-lines-primitives" "^2.0.2"
    "@mapbox/mapbox-gl-supported" "^1.5.0"
    "@mapbox/point-geometry" "^0.1.0"
    "@mapbox/tiny-sdf" "^1.1.1"
    "@mapbox/unitbezier" "^0.0.0"
    "@mapbox/vector-tile" "^1.3.1"
    "@mapbox/whoots-js" "^3.1.0"
    csscolorparser "~1.0.3"
    earcut "^2.2.2"
    geojson-vt "^3.2.1"
    gl-matrix "^3.2.1"
    grid-index "^1.1.0"
    minimist "^1.2.5"
    murmurhash-js "^1.0.0"
    pbf "^3.2.1"
    potpack "^1.0.1"
    quickselect "^2.0.0"
    rw "^1.3.3"
    supercluster "^7.1.0"
    tinyqueue "^2.0.3"
    vt-pbf "^3.1.1"

min-indent@^1.0.0:
  version "1.0.1"
  resolved "https://registry.npm.taobao.org/min-indent/download/min-indent-1.0.1.tgz#a63f681673b30571fbe8bc25686ae746eefa9869"
  integrity sha1-pj9oFnOzBXH76LwlaGrnRu76mGk=

minimist@^1.2.5:
  version "1.2.5"
  resolved "https://registry.nlark.com/minimist/download/minimist-1.2.5.tgz?cache=0&sync_timestamp=1618847017774&other_urls=https%3A%2F%2Fregistry.nlark.com%2Fminimist%2Fdownload%2Fminimist-1.2.5.tgz#67d66014b66a6a8aaa0c083c5fd58df4e4e97602"
  integrity sha1-Z9ZgFLZqaoqqDAg8X9WN9OTpdgI=

ms@2.1.2:
  version "2.1.2"
  resolved "https://registry.nlark.com/ms/download/ms-2.1.2.tgz#d09d1f357b443f493382a8eb3ccd183872ae6009"
  integrity sha1-0J0fNXtEP0kzgqjrPM0YOHKuYAk=

murmurhash-js@^1.0.0:
  version "1.0.0"
  resolved "https://registry.npm.taobao.org/murmurhash-js/download/murmurhash-js-1.0.0.tgz#b06278e21fc6c37fa5313732b0412bcb6ae15f51"
  integrity sha1-sGJ44h/Gw3+lMTcysEEry2rhX1E=

nanoid@^3.1.23:
  version "3.1.23"
  resolved "https://registry.nlark.com/nanoid/download/nanoid-3.1.23.tgz#f744086ce7c2bc47ee0a8472574d5c78e4183a81"
  integrity sha1-90QIbOfCvEfuCoRyV01ceOQYOoE=

path-parse@^1.0.6:
  version "1.0.7"
  resolved "https://registry.nlark.com/path-parse/download/path-parse-1.0.7.tgz#fbc114b60ca42b30d9daf5858e4bd68bbedb6735"
  integrity sha1-+8EUtgykKzDZ2vWFjkvWi77bZzU=

pbf@^3.2.1:
  version "3.2.1"
  resolved "https://registry.npm.taobao.org/pbf/download/pbf-3.2.1.tgz#b4c1b9e72af966cd82c6531691115cc0409ffe2a"
  integrity sha1-tMG55yr5Zs2CxlMWkRFcwECf/io=
  dependencies:
    ieee754 "^1.1.12"
    resolve-protobuf-schema "^2.1.0"

picomatch@^2.2.2:
  version "2.3.0"
  resolved "https://registry.nlark.com/picomatch/download/picomatch-2.3.0.tgz?cache=0&sync_timestamp=1621648246651&other_urls=https%3A%2F%2Fregistry.nlark.com%2Fpicomatch%2Fdownload%2Fpicomatch-2.3.0.tgz#f1f061de8f6a4bf022892e2d128234fb98302972"
  integrity sha1-8fBh3o9qS/AiiS4tEoI0+5gwKXI=

postcss@^8.2.10:
  version "8.3.0"
  resolved "https://registry.nlark.com/postcss/download/postcss-8.3.0.tgz?cache=0&sync_timestamp=1621568644827&other_urls=https%3A%2F%2Fregistry.nlark.com%2Fpostcss%2Fdownload%2Fpostcss-8.3.0.tgz#b1a713f6172ca427e3f05ef1303de8b65683325f"
  integrity sha1-sacT9hcspCfj8F7xMD3otlaDMl8=
  dependencies:
    colorette "^1.2.2"
    nanoid "^3.1.23"
    source-map-js "^0.6.2"

potpack@^1.0.1:
  version "1.0.1"
  resolved "https://registry.npm.taobao.org/potpack/download/potpack-1.0.1.tgz#d1b1afd89e4c8f7762865ec30bd112ab767e2ebf"
  integrity sha1-0bGv2J5Mj3dihl7DC9ESq3Z+Lr8=

protocol-buffers-schema@^3.3.1:
  version "3.5.1"
  resolved "https://registry.npm.taobao.org/protocol-buffers-schema/download/protocol-buffers-schema-3.5.1.tgz#8388e768d383ac8cbea23e1280dfadb79f4122ad"
  integrity sha1-g4jnaNODrIy+oj4SgN+tt59BIq0=

quickselect@^2.0.0:
  version "2.0.0"
  resolved "https://registry.npm.taobao.org/quickselect/download/quickselect-2.0.0.tgz#f19680a486a5eefb581303e023e98faaf25dd018"
  integrity sha1-8ZaApIal7vtYEwPgI+mPqvJd0Bg=

require-relative@^0.8.7:
  version "0.8.7"
  resolved "https://registry.npm.taobao.org/require-relative/download/require-relative-0.8.7.tgz#7999539fc9e047a37928fa196f8e1563dabd36de"
  integrity sha1-eZlTn8ngR6N5KPoZb44VY9q9Nt4=

resolve-protobuf-schema@^2.1.0:
  version "2.1.0"
  resolved "https://registry.npm.taobao.org/resolve-protobuf-schema/download/resolve-protobuf-schema-2.1.0.tgz#9ca9a9e69cf192bbdaf1006ec1973948aa4a3758"
  integrity sha1-nKmp5pzxkrva8QBuwZc5SKpKN1g=
  dependencies:
    protocol-buffers-schema "^3.3.1"

resolve@^1.19.0:
  version "1.20.0"
  resolved "https://registry.nlark.com/resolve/download/resolve-1.20.0.tgz#629a013fb3f70755d6f0b7935cc1c2c5378b1975"
  integrity sha1-YpoBP7P3B1XW8LeTXMHCxTeLGXU=
  dependencies:
    is-core-module "^2.2.0"
    path-parse "^1.0.6"

rollup@^2.38.5:
  version "2.50.1"
  resolved "https://registry.nlark.com/rollup/download/rollup-2.50.1.tgz?cache=0&sync_timestamp=1622014232980&other_urls=https%3A%2F%2Fregistry.nlark.com%2Frollup%2Fdownload%2Frollup-2.50.1.tgz#5d52d5c65ade19164d56efec98f16a461c6df38e"
  integrity sha1-XVLVxlreGRZNVu/smPFqRhxt844=
  optionalDependencies:
    fsevents "~2.3.1"

rw@^1.3.3:
  version "1.3.3"
  resolved "https://registry.nlark.com/rw/download/rw-1.3.3.tgz#3f862dfa91ab766b14885ef4d01124bfda074fb4"
  integrity sha1-P4Yt+pGrdmsUiF700BEkv9oHT7Q=

slash@^4.0.0:
  version "4.0.0"
  resolved "https://registry.nlark.com/slash/download/slash-4.0.0.tgz#2422372176c4c6c5addb5e2ada885af984b396a7"
  integrity sha1-JCI3IXbExsWt214q2oha+YSzlqc=

source-map-js@^0.6.2:
  version "0.6.2"
  resolved "https://registry.npm.taobao.org/source-map-js/download/source-map-js-0.6.2.tgz#0bb5de631b41cfbda6cfba8bd05a80efdfd2385e"
  integrity sha1-C7XeYxtBz72mz7qL0FqA79/SOF4=

source-map@^0.7.3:
  version "0.7.3"
  resolved "https://registry.nlark.com/source-map/download/source-map-0.7.3.tgz#5302f8169031735226544092e64981f751750383"
  integrity sha1-UwL4FpAxc1ImVECS5kmB91F1A4M=

strip-indent@^3.0.0:
  version "3.0.0"
  resolved "https://registry.nlark.com/strip-indent/download/strip-indent-3.0.0.tgz?cache=0&sync_timestamp=1620053310624&other_urls=https%3A%2F%2Fregistry.nlark.com%2Fstrip-indent%2Fdownload%2Fstrip-indent-3.0.0.tgz#c32e1cee940b6b3432c771bc2c54bcce73cd3001"
  integrity sha1-wy4c7pQLazQyx3G8LFS8znPNMAE=
  dependencies:
    min-indent "^1.0.0"

supercluster@^7.1.0:
  version "7.1.3"
  resolved "https://registry.npm.taobao.org/supercluster/download/supercluster-7.1.3.tgz#8c5412c7d7e53b010f7514e87f279544babc3425"
  integrity sha1-jFQSx9flOwEPdRTofyeVRLq8NCU=
  dependencies:
    kdbush "^3.0.0"

supports-color@^7.1.0:
  version "7.2.0"
  resolved "https://registry.npm.taobao.org/supports-color/download/supports-color-7.2.0.tgz?cache=0&sync_timestamp=1618560983872&other_urls=https%3A%2F%2Fregistry.npm.taobao.org%2Fsupports-color%2Fdownload%2Fsupports-color-7.2.0.tgz#1b7dcdcb32b8138801b3e478ba6a51caa89648da"
  integrity sha1-G33NyzK4E4gBs+R4umpRyqiWSNo=
  dependencies:
    has-flag "^4.0.0"

svelte-hmr@^0.14.2:
  version "0.14.4"
  resolved "https://registry.nlark.com/svelte-hmr/download/svelte-hmr-0.14.4.tgz#b7ef2bfeef23916e0e912828c50645ca572ac355"
  integrity sha1-t+8r/u8jkW4OkSgoxQZFylcqw1U=

svelte-preprocess@^4.7.2:
  version "4.7.3"
  resolved "https://registry.nlark.com/svelte-preprocess/download/svelte-preprocess-4.7.3.tgz#454fa059c2400b15e7a3caeca18993cff9df0e96"
  integrity sha1-RU+gWcJACxXno8rsoYmTz/nfDpY=
  dependencies:
    "@types/pug" "^2.0.4"
    "@types/sass" "^1.16.0"
    detect-indent "^6.0.0"
    strip-indent "^3.0.0"

svelte@^3.37.0:
  version "3.38.2"
  resolved "https://registry.nlark.com/svelte/download/svelte-3.38.2.tgz#55e5c681f793ae349b5cc2fe58e5782af4275ef5"
  integrity sha1-VeXGgfeTrjSbXML+WOV4KvQnXvU=

tinyqueue@^2.0.3:
  version "2.0.3"
  resolved "https://registry.npm.taobao.org/tinyqueue/download/tinyqueue-2.0.3.tgz#64d8492ebf39e7801d7bd34062e29b45b2035f08"
  integrity sha1-ZNhJLr8554Ade9NAYuKbRbIDXwg=

typescript@^4.2.4:
  version "4.3.2"
  resolved "https://registry.nlark.com/typescript/download/typescript-4.3.2.tgz?cache=0&other_urls=https%3A%2F%2Fregistry.nlark.com%2Ftypescript%2Fdownload%2Ftypescript-4.3.2.tgz#399ab18aac45802d6f2498de5054fcbbe716a805"
  integrity sha1-OZqxiqxFgC1vJJjeUFT8u+cWqAU=

vite@^2.3.4:
  version "2.3.4"
  resolved "https://registry.nlark.com/vite/download/vite-2.3.4.tgz?cache=0&sync_timestamp=1621932554383&other_urls=https%3A%2F%2Fregistry.nlark.com%2Fvite%2Fdownload%2Fvite-2.3.4.tgz#370118e0334725b898ff754ea43d5db4c5e120e3"
  integrity sha1-NwEY4DNHJbiY/3VOpD1dtMXhIOM=
  dependencies:
    esbuild "^0.11.23"
    postcss "^8.2.10"
    resolve "^1.19.0"
    rollup "^2.38.5"
  optionalDependencies:
    fsevents "~2.3.1"

vt-pbf@^3.1.1:
  version "3.1.2"
  resolved "https://registry.nlark.com/vt-pbf/download/vt-pbf-3.1.2.tgz#0ba9c07b73d74024e56c6372837897f6630f040a"
  integrity sha1-C6nAe3PXQCTlbGNyg3iX9mMPBAo=
  dependencies:
    "@mapbox/point-geometry" "0.1.0"
    "@mapbox/vector-tile" "^1.3.1"
    pbf "^3.2.1"
